// !$*UTF8*$!
{
	archiveVersion = 1;
	classes = {
	};
	objectVersion = 46;
	objects = {

/* Begin PBXBuildFile section */
		54791F111D23B335009FFDFC /* main.m in Sources */ = {isa = PBXBuildFile; fileRef = 54791F101D23B335009FFDFC /* main.m */; };
		54791F141D23B335009FFDFC /* AppDelegate.m in Sources */ = {isa = PBXBuildFile; fileRef = 54791F131D23B335009FFDFC /* AppDelegate.m */; };
		54791F171D23B335009FFDFC /* ViewController.m in Sources */ = {isa = PBXBuildFile; fileRef = 54791F161D23B335009FFDFC /* ViewController.m */; };
		54791F1A1D23B335009FFDFC /* Main.storyboard in Resources */ = {isa = PBXBuildFile; fileRef = 54791F181D23B335009FFDFC /* Main.storyboard */; };
		54791F1C1D23B335009FFDFC /* Assets.xcassets in Resources */ = {isa = PBXBuildFile; fileRef = 54791F1B1D23B335009FFDFC /* Assets.xcassets */; };
		54791F1F1D23B335009FFDFC /* LaunchScreen.storyboard in Resources */ = {isa = PBXBuildFile; fileRef = 54791F1D1D23B335009FFDFC /* LaunchScreen.storyboard */; };
		54791F2A1D23B335009FFDFC /* AirPlayerDemoTests.m in Sources */ = {isa = PBXBuildFile; fileRef = 54791F291D23B335009FFDFC /* AirPlayerDemoTests.m */; };
		54791F351D23B335009FFDFC /* AirPlayerDemoUITests.m in Sources */ = {isa = PBXBuildFile; fileRef = 54791F341D23B335009FFDFC /* AirPlayerDemoUITests.m */; };
/* End PBXBuildFile section */

/* Begin PBXContainerItemProxy section */
		54791F261D23B335009FFDFC /* PBXContainerItemProxy */ = {
			isa = PBXContainerItemProxy;
			containerPortal = 54791F041D23B335009FFDFC /* Project object */;
			proxyType = 1;
			remoteGlobalIDString = 54791F0B1D23B335009FFDFC;
			remoteInfo = AirPlayerDemo;
		};
		54791F311D23B335009FFDFC /* PBXContainerItemProxy */ = {
			isa = PBXContainerItemProxy;
			containerPortal = 54791F041D23B335009FFDFC /* Project object */;
			proxyType = 1;
			remoteGlobalIDString = 54791F0B1D23B335009FFDFC;
			remoteInfo = AirPlayerDemo;
		};
/* End PBXContainerItemProxy section */

/* Begin PBXFileReference section */
		54791F0C1D23B335009FFDFC /* AirPlayerDemo.app */ = {isa = PBXFileReference; explicitFileType = wrapper.application; includeInIndex = 0; path = AirPlayerDemo.app; sourceTree = BUILT_PRODUCTS_DIR; };
		54791F101D23B335009FFDFC /* main.m */ = {isa = PBXFileReference; lastKnownFileType = sourcecode.c.objc; path = main.m; sourceTree = "<group>"; };
		54791F121D23B335009FFDFC /* AppDelegate.h */ = {isa = PBXFileReference; lastKnownFileType = sourcecode.c.h; path = AppDelegate.h; sourceTree = "<group>"; };
		54791F131D23B335009FFDFC /* AppDelegate.m */ = {isa = PBXFileReference; lastKnownFileType = sourcecode.c.objc; path = AppDelegate.m; sourceTree = "<group>"; };
		54791F151D23B335009FFDFC /* ViewController.h */ = {isa = PBXFileReference; lastKnownFileType = sourcecode.c.h; path = ViewController.h; sourceTree = "<group>"; };
		54791F161D23B335009FFDFC /* ViewController.m */ = {isa = PBXFileReference; lastKnownFileType = sourcecode.c.objc; path = ViewController.m; sourceTree = "<group>"; };
		54791F191D23B335009FFDFC /* Base */ = {isa = PBXFileReference; lastKnownFileType = file.storyboard; name = Base; path = Base.lproj/Main.storyboard; sourceTree = "<group>"; };
		54791F1B1D23B335009FFDFC /* Assets.xcassets */ = {isa = PBXFileReference; lastKnownFileType = folder.assetcatalog; path = Assets.xcassets; sourceTree = "<group>"; };
		54791F1E1D23B335009FFDFC /* Base */ = {isa = PBXFileReference; lastKnownFileType = file.storyboard; name = Base; path = Base.lproj/LaunchScreen.storyboard; sourceTree = "<group>"; };
		54791F201D23B335009FFDFC /* Info.plist */ = {isa = PBXFileReference; lastKnownFileType = text.plist.xml; path = Info.plist; sourceTree = "<group>"; };
		54791F251D23B335009FFDFC /* AirPlayerDemoTests.xctest */ = {isa = PBXFileReference; explicitFileType = wrapper.cfbundle; includeInIndex = 0; path = AirPlayerDemoTests.xctest; sourceTree = BUILT_PRODUCTS_DIR; };
		54791F291D23B335009FFDFC /* AirPlayerDemoTests.m */ = {isa = PBXFileReference; lastKnownFileType = sourcecode.c.objc; path = AirPlayerDemoTests.m; sourceTree = "<group>"; };
		54791F2B1D23B335009FFDFC /* Info.plist */ = {isa = PBXFileReference; lastKnownFileType = text.plist.xml; path = Info.plist; sourceTree = "<group>"; };
		54791F301D23B335009FFDFC /* AirPlayerDemoUITests.xctest */ = {isa = PBXFileReference; explicitFileType = wrapper.cfbundle; includeInIndex = 0; path = AirPlayerDemoUITests.xctest; sourceTree = BUILT_PRODUCTS_DIR; };
		54791F341D23B335009FFDFC /* AirPlayerDemoUITests.m */ = {isa = PBXFileReference; lastKnownFileType = sourcecode.c.objc; path = AirPlayerDemoUITests.m; sourceTree = "<group>"; };
		54791F361D23B335009FFDFC /* Info.plist */ = {isa = PBXFileReference; lastKnownFileType = text.plist.xml; path = Info.plist; sourceTree = "<group>"; };
/* End PBXFileReference section */

/* Begin PBXFrameworksBuildPhase section */
		54791F091D23B335009FFDFC /* Frameworks */ = {
			isa = PBXFrameworksBuildPhase;
			buildActionMask = 2147483647;
			files = (
			);
			runOnlyForDeploymentPostprocessing = 0;
		};
		54791F221D23B335009FFDFC /* Frameworks */ = {
			isa = PBXFrameworksBuildPhase;
			buildActionMask = 2147483647;
			files = (
			);
			runOnlyForDeploymentPostprocessing = 0;
		};
		54791F2D1D23B335009FFDFC /* Frameworks */ = {
			isa = PBXFrameworksBuildPhase;
			buildActionMask = 2147483647;
			files = (
			);
			runOnlyForDeploymentPostprocessing = 0;
		};
/* End PBXFrameworksBuildPhase section */

/* Begin PBXGroup section */
		54791F031D23B335009FFDFC = {
			isa = PBXGroup;
			children = (
				54791F0E1D23B335009FFDFC /* AirPlayerDemo */,
				54791F281D23B335009FFDFC /* AirPlayerDemoTests */,
				54791F331D23B335009FFDFC /* AirPlayerDemoUITests */,
				54791F0D1D23B335009FFDFC /* Products */,
			);
			sourceTree = "<group>";
		};
		54791F0D1D23B335009FFDFC /* Products */ = {
			isa = PBXGroup;
			children = (
				54791F0C1D23B335009FFDFC /* AirPlayerDemo.app */,
				54791F251D23B335009FFDFC /* AirPlayerDemoTests.xctest */,
				54791F301D23B335009FFDFC /* AirPlayerDemoUITests.xctest */,
			);
			name = Products;
			sourceTree = "<group>";
		};
		54791F0E1D23B335009FFDFC /* AirPlayerDemo */ = {
			isa = PBXGroup;
			children = (
				54791F121D23B335009FFDFC /* AppDelegate.h */,
				54791F131D23B335009FFDFC /* AppDelegate.m */,
				54791F151D23B335009FFDFC /* ViewController.h */,
				54791F161D23B335009FFDFC /* ViewController.m */,
				54791F181D23B335009FFDFC /* Main.storyboard */,
				54791F1B1D23B335009FFDFC /* Assets.xcassets */,
				54791F1D1D23B335009FFDFC /* LaunchScreen.storyboard */,
				54791F201D23B335009FFDFC /* Info.plist */,
				54791F0F1D23B335009FFDFC /* Supporting Files */,
			);
			path = AirPlayerDemo;
			sourceTree = "<group>";
		};
		54791F0F1D23B335009FFDFC /* Supporting Files */ = {
			isa = PBXGroup;
			children = (
				54791F101D23B335009FFDFC /* main.m */,
			);
			name = "Supporting Files";
			sourceTree = "<group>";
		};
		54791F281D23B335009FFDFC /* AirPlayerDemoTests */ = {
			isa = PBXGroup;
			children = (
				54791F291D23B335009FFDFC /* AirPlayerDemoTests.m */,
				54791F2B1D23B335009FFDFC /* Info.plist */,
			);
			path = AirPlayerDemoTests;
			sourceTree = "<group>";
		};
		54791F331D23B335009FFDFC /* AirPlayerDemoUITests */ = {
			isa = PBXGroup;
			children = (
				54791F341D23B335009FFDFC /* AirPlayerDemoUITests.m */,
				54791F361D23B335009FFDFC /* Info.plist */,
			);
			path = AirPlayerDemoUITests;
			sourceTree = "<group>";
		};
/* End PBXGroup section */

/* Begin PBXNativeTarget section */
		54791F0B1D23B335009FFDFC /* AirPlayerDemo */ = {
			isa = PBXNativeTarget;
			buildConfigurationList = 54791F391D23B335009FFDFC /* Build configuration list for PBXNativeTarget "AirPlayerDemo" */;
			buildPhases = (
				54791F081D23B335009FFDFC /* Sources */,
				54791F091D23B335009FFDFC /* Frameworks */,
				54791F0A1D23B335009FFDFC /* Resources */,
			);
			buildRules = (
			);
			dependencies = (
			);
			name = AirPlayerDemo;
			productName = AirPlayerDemo;
			productReference = 54791F0C1D23B335009FFDFC /* AirPlayerDemo.app */;
			productType = "com.apple.product-type.application";
		};
		54791F241D23B335009FFDFC /* AirPlayerDemoTests */ = {
			isa = PBXNativeTarget;
			buildConfigurationList = 54791F3C1D23B335009FFDFC /* Build configuration list for PBXNativeTarget "AirPlayerDemoTests" */;
			buildPhases = (
				54791F211D23B335009FFDFC /* Sources */,
				54791F221D23B335009FFDFC /* Frameworks */,
				54791F231D23B335009FFDFC /* Resources */,
			);
			buildRules = (
			);
			dependencies = (
				54791F271D23B335009FFDFC /* PBXTargetDependency */,
			);
			name = AirPlayerDemoTests;
			productName = AirPlayerDemoTests;
			productReference = 54791F251D23B335009FFDFC /* AirPlayerDemoTests.xctest */;
			productType = "com.apple.product-type.bundle.unit-test";
		};
		54791F2F1D23B335009FFDFC /* AirPlayerDemoUITests */ = {
			isa = PBXNativeTarget;
			buildConfigurationList = 54791F3F1D23B335009FFDFC /* Build configuration list for PBXNativeTarget "AirPlayerDemoUITests" */;
			buildPhases = (
				54791F2C1D23B335009FFDFC /* Sources */,
				54791F2D1D23B335009FFDFC /* Frameworks */,
				54791F2E1D23B335009FFDFC /* Resources */,
			);
			buildRules = (
			);
			dependencies = (
				54791F321D23B335009FFDFC /* PBXTargetDependency */,
			);
			name = AirPlayerDemoUITests;
			productName = AirPlayerDemoUITests;
			productReference = 54791F301D23B335009FFDFC /* AirPlayerDemoUITests.xctest */;
			productType = "com.apple.product-type.bundle.ui-testing";
		};
/* End PBXNativeTarget section */

/* Begin PBXProject section */
		54791F041D23B335009FFDFC /* Project object */ = {
			isa = PBXProject;
			attributes = {
				LastUpgradeCheck = 0730;
				ORGANIZATIONNAME = shimly;
				TargetAttributes = {
					54791F0B1D23B335009FFDFC = {
						CreatedOnToolsVersion = 7.3.1;
					};
					54791F241D23B335009FFDFC = {
						CreatedOnToolsVersion = 7.3.1;
						TestTargetID = 54791F0B1D23B335009FFDFC;
					};
					54791F2F1D23B335009FFDFC = {
						CreatedOnToolsVersion = 7.3.1;
						TestTargetID = 54791F0B1D23B335009FFDFC;
					};
				};
			};
			buildConfigurationList = 54791F071D23B335009FFDFC /* Build configuration list for PBXProject "AirPlayerDemo" */;
			compatibilityVersion = "Xcode 3.2";
			developmentRegion = English;
			hasScannedForEncodings = 0;
			knownRegions = (
				en,
				Base,
			);
			mainGroup = 54791F031D23B335009FFDFC;
			productRefGroup = 54791F0D1D23B335009FFDFC /* Products */;
			projectDirPath = "";
			projectRoot = "";
			targets = (
				54791F0B1D23B335009FFDFC /* AirPlayerDemo */,
				54791F241D23B335009FFDFC /* AirPlayerDemoTests */,
				54791F2F1D23B335009FFDFC /* AirPlayerDemoUITests */,
			);
		};
/* End PBXProject section */

/* Begin PBXResourcesBuildPhase section */
		54791F0A1D23B335009FFDFC /* Resources */ = {
			isa = PBXResourcesBuildPhase;
			buildActionMask = 2147483647;
			files = (
				54791F1F1D23B335009FFDFC /* LaunchScreen.storyboard in Resources */,
				54791F1C1D23B335009FFDFC /* Assets.xcassets in Resources */,
				54791F1A1D23B335009FFDFC /* Main.storyboard in Resources */,
			);
			runOnlyForDeploymentPostprocessing = 0;
		};
		54791F231D23B335009FFDFC /* Resources */ = {
			isa = PBXResourcesBuildPhase;
			buildActionMask = 2147483647;
			files = (
			);
			runOnlyForDeploymentPostprocessing = 0;
		};
		54791F2E1D23B335009FFDFC /* Resources */ = {
			isa = PBXResourcesBuildPhase;
			buildActionMask = 2147483647;
			files = (
			);
			runOnlyForDeploymentPostprocessing = 0;
		};
/* End PBXResourcesBuildPhase section */

/* Begin PBXSourcesBuildPhase section */
		54791F081D23B335009FFDFC /* Sources */ = {
			isa = PBXSourcesBuildPhase;
			buildActionMask = 2147483647;
			files = (
				54791F171D23B335009FFDFC /* ViewController.m in Sources */,
				54791F141D23B335009FFDFC /* AppDelegate.m in Sources */,
				54791F111D23B335009FFDFC /* main.m in Sources */,
			);
			runOnlyForDeploymentPostprocessing = 0;
		};
		54791F211D23B335009FFDFC /* Sources */ = {
			isa = PBXSourcesBuildPhase;
			buildActionMask = 2147483647;
			files = (
				54791F2A1D23B335009FFDFC /* AirPlayerDemoTests.m in Sources */,
			);
			runOnlyForDeploymentPostprocessing = 0;
		};
		54791F2C1D23B335009FFDFC /* Sources */ = {
			isa = PBXSourcesBuildPhase;
			buildActionMask = 2147483647;
			files = (
				54791F351D23B335009FFDFC /* AirPlayerDemoUITests.m in Sources */,
			);
			runOnlyForDeploymentPostprocessing = 0;
		};
/* End PBXSourcesBuildPhase section */

/* Begin PBXTargetDependency section */
		54791F271D23B335009FFDFC /* PBXTargetDependency */ = {
			isa = PBXTargetDependency;
			target = 54791F0B1D23B335009FFDFC /* AirPlayerDemo */;
			targetProxy = 54791F261D23B335009FFDFC /* PBXContainerItemProxy */;
		};
		54791F321D23B335009FFDFC /* PBXTargetDependency */ = {
			isa = PBXTargetDependency;
			target = 54791F0B1D23B335009FFDFC /* AirPlayerDemo */;
			targetProxy = 54791F311D23B335009FFDFC /* PBXContainerItemProxy */;
		};
/* End PBXTargetDependency section */

/* Begin PBXVariantGroup section */
		54791F181D23B335009FFDFC /* Main.storyboard */ = {
			isa = PBXVariantGroup;
			children = (
				54791F191D23B335009FFDFC /* Base */,
			);
			name = Main.storyboard;
			sourceTree = "<group>";
		};
		54791F1D1D23B335009FFDFC /* LaunchScreen.storyboard */ = {
			isa = PBXVariantGroup;
			children = (
				54791F1E1D23B335009FFDFC /* Base */,
			);
			name = LaunchScreen.storyboard;
			sourceTree = "<group>";
		};
/* End PBXVariantGroup section */

/* Begin XCBuildConfiguration section */
		54791F371D23B335009FFDFC /* Debug */ = {
			isa = XCBuildConfiguration;
			buildSettings = {
				ALWAYS_SEARCH_USER_PATHS = NO;
				CLANG_ANALYZER_NONNULL = YES;
				CLANG_CXX_LANGUAGE_STANDARD = "gnu++0x";
				CLANG_CXX_LIBRARY = "libc++";
				CLANG_ENABLE_MODULES = YES;
				CLANG_ENABLE_OBJC_ARC = YES;
				CLANG_WARN_BOOL_CONVERSION = YES;
				CLANG_WARN_CONSTANT_CONVERSION = YES;
				CLANG_WARN_DIRECT_OBJC_ISA_USAGE = YES_ERROR;
				CLANG_WARN_EMPTY_BODY = YES;
				CLANG_WARN_ENUM_CONVERSION = YES;
				CLANG_WARN_INT_CONVERSION = YES;
				CLANG_WARN_OBJC_ROOT_CLASS = YES_ERROR;
				CLANG_WARN_UNREACHABLE_CODE = YES;
				CLANG_WARN__DUPLICATE_METHOD_MATCH = YES;
				"CODE_SIGN_IDENTITY[sdk=iphoneos*]" = "iPhone Developer";
				COPY_PHASE_STRIP = NO;
				DEBUG_INFORMATION_FORMAT = dwarf;
				ENABLE_STRICT_OBJC_MSGSEND = YES;
				ENABLE_TESTABILITY = YES;
				GCC_C_LANGUAGE_STANDARD = gnu99;
				GCC_DYNAMIC_NO_PIC = NO;
				GCC_NO_COMMON_BLOCKS = YES;
				GCC_OPTIMIZATION_LEVEL = 0;
				GCC_PREPROCESSOR_DEFINITIONS = (
					"DEBUG=1",
					"$(inherited)",
				);
				GCC_WARN_64_TO_32_BIT_CONVERSION = YES;
				GCC_WARN_ABOUT_RETURN_TYPE = YES_ERROR;
				GCC_WARN_UNDECLARED_SELECTOR = YES;
				GCC_WARN_UNINITIALIZED_AUTOS = YES_AGGRESSIVE;
				GCC_WARN_UNUSED_FUNCTION = YES;
				GCC_WARN_UNUSED_VARIABLE = YES;
				IPHONEOS_DEPLOYMENT_TARGET = 9.3;
				MTL_ENABLE_DEBUG_INFO = YES;
				ONLY_ACTIVE_ARCH = YES;
				SDKROOT = iphoneos;
				TARGETED_DEVICE_FAMILY = "1,2";
			};
			name = Debug;
		};
		54791F381D23B335009FFDFC /* Release */ = {
			isa = XCBuildConfiguration;
			buildSettings = {
				ALWAYS_SEARCH_USER_PATHS = NO;
				CLANG_ANALYZER_NONNULL = YES;
				CLANG_CXX_LANGUAGE_STANDARD = "gnu++0x";
				CLANG_CXX_LIBRARY = "libc++";
				CLANG_ENABLE_MODULES = YES;
				CLANG_ENABLE_OBJC_ARC = YES;
				CLANG_WARN_BOOL_CONVERSION = YES;
				CLANG_WARN_CONSTANT_CONVERSION = YES;
				CLANG_WARN_DIRECT_OBJC_ISA_USAGE = YES_ERROR;
				CLANG_WARN_EMPTY_BODY = YES;
				CLANG_WARN_ENUM_CONVERSION = YES;
				CLANG_WARN_INT_CONVERSION = YES;
				CLANG_WARN_OBJC_ROOT_CLASS = YES_ERROR;
				CLANG_WARN_UNREACHABLE_CODE = YES;
				CLANG_WARN__DUPLICATE_METHOD_MATCH = YES;
				"CODE_SIGN_IDENTITY[sdk=iphoneos*]" = "iPhone Developer";
				COPY_PHASE_STRIP = NO;
				DEBUG_INFORMATION_FORMAT = "dwarf-with-dsym";
				ENABLE_NS_ASSERTIONS = NO;
				ENABLE_STRICT_OBJC_MSGSEND = YES;
				GCC_C_LANGUAGE_STANDARD = gnu99;
				GCC_NO_COMMON_BLOCKS = YES;
				GCC_WARN_64_TO_32_BIT_CONVERSION = YES;
				GCC_WARN_ABOUT_RETURN_TYPE = YES_ERROR;
				GCC_WARN_UNDECLARED_SELECTOR = YES;
				GCC_WARN_UNINITIALIZED_AUTOS = YES_AGGRESSIVE;
				GCC_WARN_UNUSED_FUNCTION = YES;
				GCC_WARN_UNUSED_VARIABLE = YES;
				IPHONEOS_DEPLOYMENT_TARGET = 9.3;
				MTL_ENABLE_DEBUG_INFO = NO;
				SDKROOT = iphoneos;
				TARGETED_DEVICE_FAMILY = "1,2";
				VALIDATE_PRODUCT = YES;
			};
			name = Release;
		};
		54791F3A1D23B335009FFDFC /* Debug */ = {
			isa = XCBuildConfiguration;
			buildSettings = {
				ASSETCATALOG_COMPILER_APPICON_NAME = AppIcon;
				INFOPLIST_FILE = AirPlayerDemo/Info.plist;
				LD_RUNPATH_SEARCH_PATHS = "$(inherited) @executable_path/Frameworks";
				PRODUCT_BUNDLE_IDENTIFIER = com.yuntai.AirPlayerDemo;
				PRODUCT_NAME = "$(TARGET_NAME)";
			};
			name = Debug;
		};
		54791F3B1D23B335009FFDFC /* Release */ = {
			isa = XCBuildConfiguration;
			buildSettings = {
				ASSETCATALOG_COMPILER_APPICON_NAME = AppIcon;
				INFOPLIST_FILE = AirPlayerDemo/Info.plist;
				LD_RUNPATH_SEARCH_PATHS = "$(inherited) @executable_path/Frameworks";
				PRODUCT_BUNDLE_IDENTIFIER = com.yuntai.AirPlayerDemo;
				PRODUCT_NAME = "$(TARGET_NAME)";
			};
			name = Release;
		};
		54791F3D1D23B335009FFDFC /* Debug */ = {
			isa = XCBuildConfiguration;
			buildSettings = {
				BUNDLE_LOADER = "$(TEST_HOST)";
				INFOPLIST_FILE = AirPlayerDemoTests/Info.plist;
				LD_RUNPATH_SEARCH_PATHS = "$(inherited) @executable_path/Frameworks @loader_path/Frameworks";
				PRODUCT_BUNDLE_IDENTIFIER = com.yuntai.AirPlayerDemoTests;
				PRODUCT_NAME = "$(TARGET_NAME)";
				TEST_HOST = "$(BUILT_PRODUCTS_DIR)/AirPlayerDemo.app/AirPlayerDemo";
			};
			name = Debug;
		};
		54791F3E1D23B335009FFDFC /* Release */ = {
			isa = XCBuildConfiguration;
			buildSettings = {
				BUNDLE_LOADER = "$(TEST_HOST)";
				INFOPLIST_FILE = AirPlayerDemoTests/Info.plist;
				LD_RUNPATH_SEARCH_PATHS = "$(inherited) @executable_path/Frameworks @loader_path/Frameworks";
				PRODUCT_BUNDLE_IDENTIFIER = com.yuntai.AirPlayerDemoTests;
				PRODUCT_NAME = "$(TARGET_NAME)";
				TEST_HOST = "$(BUILT_PRODUCTS_DIR)/AirPlayerDemo.app/AirPlayerDemo";
			};
			name = Release;
		};
		54791F401D23B335009FFDFC /* Debug */ = {
			isa = XCBuildConfiguration;
			buildSettings = {
				INFOPLIST_FILE = AirPlayerDemoUITests/Info.plist;
				LD_RUNPATH_SEARCH_PATHS = "$(inherited) @executable_path/Frameworks @loader_path/Frameworks";
				PRODUCT_BUNDLE_IDENTIFIER = com.yuntai.AirPlayerDemoUITests;
				PRODUCT_NAME = "$(TARGET_NAME)";
				TEST_TARGET_NAME = AirPlayerDemo;
			};
			name = Debug;
		};
		54791F411D23B335009FFDFC /* Release */ = {
			isa = XCBuildConfiguration;
			buildSettings = {
				INFOPLIST_FILE = AirPlayerDemoUITests/Info.plist;
				LD_RUNPATH_SEARCH_PATHS = "$(inherited) @executable_path/Frameworks @loader_path/Frameworks";
				PRODUCT_BUNDLE_IDENTIFIER = com.yuntai.AirPlayerDemoUITests;
				PRODUCT_NAME = "$(TARGET_NAME)";
				TEST_TARGET_NAME = AirPlayerDemo;
			};
			name = Release;
		};
/* End XCBuildConfiguration section */

/* Begin XCConfigurationList section */
		54791F071D23B335009FFDFC /* Build configuration list for PBXProject "AirPlayerDemo" */ = {
			isa = XCConfigurationList;
			buildConfigurations = (
				54791F371D23B335009FFDFC /* Debug */,
				54791F381D23B335009FFDFC /* Release */,
			);
			defaultConfigurationIsVisible = 0;
			defaultConfigurationName = Release;
		};
		54791F391D23B335009FFDFC /* Build configuration list for PBXNativeTarget "AirPlayerDemo" */ = {
			isa = XCConfigurationList;
			buildConfigurations = (
				54791F3A1D23B335009FFDFC /* Debug */,
				54791F3B1D23B335009FFDFC /* Release */,
			);
			defaultConfigurationIsVisible = 0;
		};
		54791F3C1D23B335009FFDFC /* Build configuration list for PBXNativeTarget "AirPlayerDemoTests" */ = {
			isa = XCConfigurationList;
			buildConfigurations = (
				54791F3D1D23B335009FFDFC /* Debug */,
				54791F3E1D23B335009FFDFC /* Release */,
			);
			defaultConfigurationIsVisible = 0;
		};
		54791F3F1D23B335009FFDFC /* Build configuration list for PBXNativeTarget "AirPlayerDemoUITests" */ = {
			isa = XCConfigurationList;
			buildConfigurations = (
				54791F401D23B335009FFDFC /* Debug */,
				54791F411D23B335009FFDFC /* Release */,
			);
			defaultConfigurationIsVisible = 0;
		};
/* End XCConfigurationList section */
	};
	rootObject = 54791F041D23B335009FFDFC /* Project object */;
}
